// !$*UTF8*$!
{
	archiveVersion = 1;
	classes = {
	};
	objectVersion = 56;
	objects = {

/* Begin PBXBuildFile section */
		180ECF2E291DA4490036E472 /* PokemonCardView.swift in Sources */ = {isa = PBXBuildFile; fileRef = 180ECF2D291DA4490036E472 /* PokemonCardView.swift */; };
		180ECF31291DA52C0036E472 /* Pokemon.swift in Sources */ = {isa = PBXBuildFile; fileRef = 180ECF30291DA52C0036E472 /* Pokemon.swift */; };
		180F63AC2981610F00A1A57A /* PokemonStatsView.swift in Sources */ = {isa = PBXBuildFile; fileRef = 180F63AB2981610F00A1A57A /* PokemonStatsView.swift */; };
		180F63AE29816B9500A1A57A /* SettingsRowView.swift in Sources */ = {isa = PBXBuildFile; fileRef = 180F63AD29816B9500A1A57A /* SettingsRowView.swift */; };
		180F63B029816FEB00A1A57A /* SettingLabelView.swift in Sources */ = {isa = PBXBuildFile; fileRef = 180F63AF29816FEB00A1A57A /* SettingLabelView.swift */; };
		180F63B2298170A700A1A57A /* SettingsView.swift in Sources */ = {isa = PBXBuildFile; fileRef = 180F63B1298170A700A1A57A /* SettingsView.swift */; };
		183B9E932915AD5B00F1813B /* pokedexV2App.swift in Sources */ = {isa = PBXBuildFile; fileRef = 183B9E922915AD5B00F1813B /* pokedexV2App.swift */; };
		183B9E952915AD5B00F1813B /* ContentView.swift in Sources */ = {isa = PBXBuildFile; fileRef = 183B9E942915AD5B00F1813B /* ContentView.swift */; };
		183B9E972915AD5D00F1813B /* Assets.xcassets in Resources */ = {isa = PBXBuildFile; fileRef = 183B9E962915AD5D00F1813B /* Assets.xcassets */; };
		183B9E9A2915AD5D00F1813B /* Preview Assets.xcassets in Resources */ = {isa = PBXBuildFile; fileRef = 183B9E992915AD5D00F1813B /* Preview Assets.xcassets */; };
		18D77E742922DA9E00861E40 /* PokemonData.swift in Sources */ = {isa = PBXBuildFile; fileRef = 18D77E732922DA9E00861E40 /* PokemonData.swift */; };
		18D77E762922E77A00861E40 /* StartButtonView.swift in Sources */ = {isa = PBXBuildFile; fileRef = 18D77E752922E77A00861E40 /* StartButtonView.swift */; };
		18D77E782922EB3F00861E40 /* OnboardingView.swift in Sources */ = {isa = PBXBuildFile; fileRef = 18D77E772922EB3F00861E40 /* OnboardingView.swift */; };
		18D77E7F29258C0500861E40 /* PokemonCellView.swift in Sources */ = {isa = PBXBuildFile; fileRef = 18D77E7E29258C0500861E40 /* PokemonCellView.swift */; };
		18D77E8129258EE200861E40 /* PokemonDetailView.swift in Sources */ = {isa = PBXBuildFile; fileRef = 18D77E8029258EE200861E40 /* PokemonDetailView.swift */; };
		18D77E832925905900861E40 /* PokemonHeaderView.swift in Sources */ = {isa = PBXBuildFile; fileRef = 18D77E822925905900861E40 /* PokemonHeaderView.swift */; };
/* End PBXBuildFile section */

/* Begin PBXFileReference section */
		180ECF2D291DA4490036E472 /* PokemonCardView.swift */ = {isa = PBXFileReference; lastKnownFileType = sourcecode.swift; path = PokemonCardView.swift; sourceTree = "<group>"; };
		180ECF30291DA52C0036E472 /* Pokemon.swift */ = {isa = PBXFileReference; lastKnownFileType = sourcecode.swift; path = Pokemon.swift; sourceTree = "<group>"; };
		180F63AB2981610F00A1A57A /* PokemonStatsView.swift */ = {isa = PBXFileReference; lastKnownFileType = sourcecode.swift; path = PokemonStatsView.swift; sourceTree = "<group>"; };
		180F63AD29816B9500A1A57A /* SettingsRowView.swift */ = {isa = PBXFileReference; lastKnownFileType = sourcecode.swift; path = SettingsRowView.swift; sourceTree = "<group>"; };
		180F63AF29816FEB00A1A57A /* SettingLabelView.swift */ = {isa = PBXFileReference; lastKnownFileType = sourcecode.swift; path = SettingLabelView.swift; sourceTree = "<group>"; };
		180F63B1298170A700A1A57A /* SettingsView.swift */ = {isa = PBXFileReference; lastKnownFileType = sourcecode.swift; path = SettingsView.swift; sourceTree = "<group>"; };
		183B9E8F2915AD5B00F1813B /* pokedexV2.app */ = {isa = PBXFileReference; explicitFileType = wrapper.application; includeInIndex = 0; path = pokedexV2.app; sourceTree = BUILT_PRODUCTS_DIR; };
		183B9E922915AD5B00F1813B /* pokedexV2App.swift */ = {isa = PBXFileReference; lastKnownFileType = sourcecode.swift; path = pokedexV2App.swift; sourceTree = "<group>"; };
		183B9E942915AD5B00F1813B /* ContentView.swift */ = {isa = PBXFileReference; lastKnownFileType = sourcecode.swift; path = ContentView.swift; sourceTree = "<group>"; };
		183B9E962915AD5D00F1813B /* Assets.xcassets */ = {isa = PBXFileReference; lastKnownFileType = folder.assetcatalog; path = Assets.xcassets; sourceTree = "<group>"; };
		183B9E992915AD5D00F1813B /* Preview Assets.xcassets */ = {isa = PBXFileReference; lastKnownFileType = folder.assetcatalog; path = "Preview Assets.xcassets"; sourceTree = "<group>"; };
		18D77E732922DA9E00861E40 /* PokemonData.swift */ = {isa = PBXFileReference; lastKnownFileType = sourcecode.swift; path = PokemonData.swift; sourceTree = "<group>"; };
		18D77E752922E77A00861E40 /* StartButtonView.swift */ = {isa = PBXFileReference; lastKnownFileType = sourcecode.swift; path = StartButtonView.swift; sourceTree = "<group>"; };
		18D77E772922EB3F00861E40 /* OnboardingView.swift */ = {isa = PBXFileReference; lastKnownFileType = sourcecode.swift; path = OnboardingView.swift; sourceTree = "<group>"; };
		18D77E7E29258C0500861E40 /* PokemonCellView.swift */ = {isa = PBXFileReference; lastKnownFileType = sourcecode.swift; path = PokemonCellView.swift; sourceTree = "<group>"; };
		18D77E8029258EE200861E40 /* PokemonDetailView.swift */ = {isa = PBXFileReference; lastKnownFileType = sourcecode.swift; path = PokemonDetailView.swift; sourceTree = "<group>"; };
		18D77E822925905900861E40 /* PokemonHeaderView.swift */ = {isa = PBXFileReference; lastKnownFileType = sourcecode.swift; path = PokemonHeaderView.swift; sourceTree = "<group>"; };
/* End PBXFileReference section */

/* Begin PBXFrameworksBuildPhase section */
		183B9E8C2915AD5B00F1813B /* Frameworks */ = {
			isa = PBXFrameworksBuildPhase;
			buildActionMask = 2147483647;
			files = (
			);
			runOnlyForDeploymentPostprocessing = 0;
		};
/* End PBXFrameworksBuildPhase section */

/* Begin PBXGroup section */
		180ECF27291DA2330036E472 /* App */ = {
			isa = PBXGroup;
			children = (
			);
			path = App;
			sourceTree = "<group>";
		};
		180ECF28291DA23E0036E472 /* Components */ = {
			isa = PBXGroup;
			children = (
				180ECF2D291DA4490036E472 /* PokemonCardView.swift */,
				18D77E752922E77A00861E40 /* StartButtonView.swift */,
				18D77E7E29258C0500861E40 /* PokemonCellView.swift */,
				18D77E822925905900861E40 /* PokemonHeaderView.swift */,
				180F63AB2981610F00A1A57A /* PokemonStatsView.swift */,
				180F63AF29816FEB00A1A57A /* SettingLabelView.swift */,
				180F63AD29816B9500A1A57A /* SettingsRowView.swift */,
			);
			path = Components;
			sourceTree = "<group>";
		};
		180ECF2A291DA3570036E472 /* View */ = {
			isa = PBXGroup;
			children = (
				183B9E922915AD5B00F1813B /* pokedexV2App.swift */,
				183B9E942915AD5B00F1813B /* ContentView.swift */,
				18D77E772922EB3F00861E40 /* OnboardingView.swift */,
				18D77E8029258EE200861E40 /* PokemonDetailView.swift */,
				180F63B1298170A700A1A57A /* SettingsView.swift */,
			);
			path = View;
			sourceTree = "<group>";
		};
		180ECF2F291DA5040036E472 /* Model */ = {
			isa = PBXGroup;
			children = (
				180ECF30291DA52C0036E472 /* Pokemon.swift */,
			);
			path = Model;
			sourceTree = "<group>";
		};
		183B9E862915AD5B00F1813B = {
			isa = PBXGroup;
			children = (
				183B9E912915AD5B00F1813B /* pokedexV2 */,
				183B9E902915AD5B00F1813B /* Products */,
			);
			sourceTree = "<group>";
		};
		183B9E902915AD5B00F1813B /* Products */ = {
			isa = PBXGroup;
			children = (
				183B9E8F2915AD5B00F1813B /* pokedexV2.app */,
			);
			name = Products;
			sourceTree = "<group>";
		};
		183B9E912915AD5B00F1813B /* pokedexV2 */ = {
			isa = PBXGroup;
			children = (
				18D77E722922DA7B00861E40 /* Data */,
				180ECF2F291DA5040036E472 /* Model */,
				180ECF28291DA23E0036E472 /* Components */,
				180ECF2A291DA3570036E472 /* View */,
				180ECF27291DA2330036E472 /* App */,
				183B9E962915AD5D00F1813B /* Assets.xcassets */,
				183B9E982915AD5D00F1813B /* Preview Content */,
			);
			path = pokedexV2;
			sourceTree = "<group>";
		};
		183B9E982915AD5D00F1813B /* Preview Content */ = {
			isa = PBXGroup;
			children = (
				183B9E992915AD5D00F1813B /* Preview Assets.xcassets */,
			);
			path = "Preview Content";
			sourceTree = "<group>";
		};
		18D77E722922DA7B00861E40 /* Data */ = {
			isa = PBXGroup;
			children = (
				18D77E732922DA9E00861E40 /* PokemonData.swift */,
			);
			path = Data;
			sourceTree = "<group>";
		};
/* End PBXGroup section */

/* Begin PBXNativeTarget section */
		183B9E8E2915AD5B00F1813B /* pokedexV2 */ = {
			isa = PBXNativeTarget;
			buildConfigurationList = 183B9E9D2915AD5D00F1813B /* Build configuration list for PBXNativeTarget "pokedexV2" */;
			buildPhases = (
				183B9E8B2915AD5B00F1813B /* Sources */,
				183B9E8C2915AD5B00F1813B /* Frameworks */,
				183B9E8D2915AD5B00F1813B /* Resources */,
			);
			buildRules = (
			);
			dependencies = (
			);
			name = pokedexV2;
			productName = pokedexV2;
			productReference = 183B9E8F2915AD5B00F1813B /* pokedexV2.app */;
			productType = "com.apple.product-type.application";
		};
/* End PBXNativeTarget section */

/* Begin PBXProject section */
		183B9E872915AD5B00F1813B /* Project object */ = {
			isa = PBXProject;
			attributes = {
				BuildIndependentTargetsInParallel = 1;
				LastSwiftUpdateCheck = 1400;
				LastUpgradeCheck = 1400;
				TargetAttributes = {
					183B9E8E2915AD5B00F1813B = {
						CreatedOnToolsVersion = 14.0.1;
					};
				};
			};
			buildConfigurationList = 183B9E8A2915AD5B00F1813B /* Build configuration list for PBXProject "pokedexV2" */;
			compatibilityVersion = "Xcode 14.0";
			developmentRegion = en;
			hasScannedForEncodings = 0;
			knownRegions = (
				en,
				Base,
			);
			mainGroup = 183B9E862915AD5B00F1813B;
			productRefGroup = 183B9E902915AD5B00F1813B /* Products */;
			projectDirPath = "";
			projectRoot = "";
			targets = (
				183B9E8E2915AD5B00F1813B /* pokedexV2 */,
			);
		};
/* End PBXProject section */

/* Begin PBXResourcesBuildPhase section */
		183B9E8D2915AD5B00F1813B /* Resources */ = {
			isa = PBXResourcesBuildPhase;
			buildActionMask = 2147483647;
			files = (
				183B9E9A2915AD5D00F1813B /* Preview Assets.xcassets in Resources */,
				183B9E972915AD5D00F1813B /* Assets.xcassets in Resources */,
			);
			runOnlyForDeploymentPostprocessing = 0;
		};
/* End PBXResourcesBuildPhase section */

/* Begin PBXSourcesBuildPhase section */
		183B9E8B2915AD5B00F1813B /* Sources */ = {
			isa = PBXSourcesBuildPhase;
			buildActionMask = 2147483647;
			files = (
				183B9E952915AD5B00F1813B /* ContentView.swift in Sources */,
				180F63AC2981610F00A1A57A /* PokemonStatsView.swift in Sources */,
				18D77E832925905900861E40 /* PokemonHeaderView.swift in Sources */,
				180F63B029816FEB00A1A57A /* SettingLabelView.swift in Sources */,
				180ECF31291DA52C0036E472 /* Pokemon.swift in Sources */,
				18D77E8129258EE200861E40 /* PokemonDetailView.swift in Sources */,
				183B9E932915AD5B00F1813B /* pokedexV2App.swift in Sources */,
				180F63B2298170A700A1A57A /* SettingsView.swift in Sources */,
				18D77E762922E77A00861E40 /* StartButtonView.swift in Sources */,
				18D77E7F29258C0500861E40 /* PokemonCellView.swift in Sources */,
				180F63AE29816B9500A1A57A /* SettingsRowView.swift in Sources */,
				180ECF2E291DA4490036E472 /* PokemonCardView.swift in Sources */,
				18D77E742922DA9E00861E40 /* PokemonData.swift in Sources */,
				18D77E782922EB3F00861E40 /* OnboardingView.swift in Sources */,
			);
			runOnlyForDeploymentPostprocessing = 0;
		};
/* End PBXSourcesBuildPhase section */

/* Begin XCBuildConfiguration section */
		183B9E9B2915AD5D00F1813B /* Debug */ = {
			isa = XCBuildConfiguration;
			buildSettings = {
				ALWAYS_SEARCH_USER_PATHS = NO;
				CLANG_ANALYZER_NONNULL = YES;
				CLANG_ANALYZER_NUMBER_OBJECT_CONVERSION = YES_AGGRESSIVE;
				CLANG_CXX_LANGUAGE_STANDARD = "gnu++20";
				CLANG_ENABLE_MODULES = YES;
				CLANG_ENABLE_OBJC_ARC = YES;
				CLANG_ENABLE_OBJC_WEAK = YES;
				CLANG_WARN_BLOCK_CAPTURE_AUTORELEASING = YES;
				CLANG_WARN_BOOL_CONVERSION = YES;
				CLANG_WARN_COMMA = YES;
				CLANG_WARN_CONSTANT_CONVERSION = YES;
				CLANG_WARN_DEPRECATED_OBJC_IMPLEMENTATIONS = YES;
				CLANG_WARN_DIRECT_OBJC_ISA_USAGE = YES_ERROR;
				CLANG_WARN_DOCUMENTATION_COMMENTS = YES;
				CLANG_WARN_EMPTY_BODY = YES;
				CLANG_WARN_ENUM_CONVERSION = YES;
				CLANG_WARN_INFINITE_RECURSION = YES;
				CLANG_WARN_INT_CONVERSION = YES;
				CLANG_WARN_NON_LITERAL_NULL_CONVERSION = YES;
				CLANG_WARN_OBJC_IMPLICIT_RETAIN_SELF = YES;
				CLANG_WARN_OBJC_LITERAL_CONVERSION = YES;
				CLANG_WARN_OBJC_ROOT_CLASS = YES_ERROR;
				CLANG_WARN_QUOTED_INCLUDE_IN_FRAMEWORK_HEADER = YES;
				CLANG_WARN_RANGE_LOOP_ANALYSIS = YES;
				CLANG_WARN_STRICT_PROTOTYPES = YES;
				CLANG_WARN_SUSPICIOUS_MOVE = YES;
				CLANG_WARN_UNGUARDED_AVAILABILITY = YES_AGGRESSIVE;
				CLANG_WARN_UNREACHABLE_CODE = YES;
				CLANG_WARN__DUPLICATE_METHOD_MATCH = YES;
				COPY_PHASE_STRIP = NO;
				DEBUG_INFORMATION_FORMAT = dwarf;
				ENABLE_STRICT_OBJC_MSGSEND = YES;
				ENABLE_TESTABILITY = YES;
				GCC_C_LANGUAGE_STANDARD = gnu11;
				GCC_DYNAMIC_NO_PIC = NO;
				GCC_NO_COMMON_BLOCKS = YES;
				GCC_OPTIMIZATION_LEVEL = 0;
				GCC_PREPROCESSOR_DEFINITIONS = (
					"DEBUG=1",
					"$(inherited)",
				);
				GCC_WARN_64_TO_32_BIT_CONVERSION = YES;
				GCC_WARN_ABOUT_RETURN_TYPE = YES_ERROR;
				GCC_WARN_UNDECLARED_SELECTOR = YES;
				GCC_WARN_UNINITIALIZED_AUTOS = YES_AGGRESSIVE;
				GCC_WARN_UNUSED_FUNCTION = YES;
				GCC_WARN_UNUSED_VARIABLE = YES;
				IPHONEOS_DEPLOYMENT_TARGET = 16.0;
				MTL_ENABLE_DEBUG_INFO = INCLUDE_SOURCE;
				MTL_FAST_MATH = YES;
				ONLY_ACTIVE_ARCH = YES;
				SDKROOT = iphoneos;
				SWIFT_ACTIVE_COMPILATION_CONDITIONS = DEBUG;
				SWIFT_OPTIMIZATION_LEVEL = "-Onone";
			};
			name = Debug;
		};
		183B9E9C2915AD5D00F1813B /* Release */ = {
			isa = XCBuildConfiguration;
			buildSettings = {
				ALWAYS_SEARCH_USER_PATHS = NO;
				CLANG_ANALYZER_NONNULL = YES;
				CLANG_ANALYZER_NUMBER_OBJECT_CONVERSION = YES_AGGRESSIVE;
				CLANG_CXX_LANGUAGE_STANDARD = "gnu++20";
				CLANG_ENABLE_MODULES = YES;
				CLANG_ENABLE_OBJC_ARC = YES;
				CLANG_ENABLE_OBJC_WEAK = YES;
				CLANG_WARN_BLOCK_CAPTURE_AUTORELEASING = YES;
				CLANG_WARN_BOOL_CONVERSION = YES;
				CLANG_WARN_COMMA = YES;
				CLANG_WARN_CONSTANT_CONVERSION = YES;
				CLANG_WARN_DEPRECATED_OBJC_IMPLEMENTATIONS = YES;
				CLANG_WARN_DIRECT_OBJC_ISA_USAGE = YES_ERROR;
				CLANG_WARN_DOCUMENTATION_COMMENTS = YES;
				CLANG_WARN_EMPTY_BODY = YES;
				CLANG_WARN_ENUM_CONVERSION = YES;
				CLANG_WARN_INFINITE_RECURSION = YES;
				CLANG_WARN_INT_CONVERSION = YES;
				CLANG_WARN_NON_LITERAL_NULL_CONVERSION = YES;
				CLANG_WARN_OBJC_IMPLICIT_RETAIN_SELF = YES;
				CLANG_WARN_OBJC_LITERAL_CONVERSION = YES;
				CLANG_WARN_OBJC_ROOT_CLASS = YES_ERROR;
				CLANG_WARN_QUOTED_INCLUDE_IN_FRAMEWORK_HEADER = YES;
				CLANG_WARN_RANGE_LOOP_ANALYSIS = YES;
				CLANG_WARN_STRICT_PROTOTYPES = YES;
				CLANG_WARN_SUSPICIOUS_MOVE = YES;
				CLANG_WARN_UNGUARDED_AVAILABILITY = YES_AGGRESSIVE;
				CLANG_WARN_UNREACHABLE_CODE = YES;
				CLANG_WARN__DUPLICATE_METHOD_MATCH = YES;
				COPY_PHASE_STRIP = NO;
				DEBUG_INFORMATION_FORMAT = "dwarf-with-dsym";
				ENABLE_NS_ASSERTIONS = NO;
				ENABLE_STRICT_OBJC_MSGSEND = YES;
				GCC_C_LANGUAGE_STANDARD = gnu11;
				GCC_NO_COMMON_BLOCKS = YES;
				GCC_WARN_64_TO_32_BIT_CONVERSION = YES;
				GCC_WARN_ABOUT_RETURN_TYPE = YES_ERROR;
				GCC_WARN_UNDECLARED_SELECTOR = YES;
				GCC_WARN_UNINITIALIZED_AUTOS = YES_AGGRESSIVE;
				GCC_WARN_UNUSED_FUNCTION = YES;
				GCC_WARN_UNUSED_VARIABLE = YES;
				IPHONEOS_DEPLOYMENT_TARGET = 16.0;
				MTL_ENABLE_DEBUG_INFO = NO;
				MTL_FAST_MATH = YES;
				SDKROOT = iphoneos;
				SWIFT_COMPILATION_MODE = wholemodule;
				SWIFT_OPTIMIZATION_LEVEL = "-O";
				VALIDATE_PRODUCT = YES;
			};
			name = Release;
		};
		183B9E9E2915AD5D00F1813B /* Debug */ = {
			isa = XCBuildConfiguration;
			buildSettings = {
				ASSETCATALOG_COMPILER_APPICON_NAME = AppIcon;
				ASSETCATALOG_COMPILER_GLOBAL_ACCENT_COLOR_NAME = AccentColor;
				CODE_SIGN_STYLE = Automatic;
				CURRENT_PROJECT_VERSION = 1;
				DEVELOPMENT_ASSET_PATHS = "\"pokedexV2/Preview Content\"";
				DEVELOPMENT_TEAM = T55Q6Y63L5;
				ENABLE_PREVIEWS = YES;
				GENERATE_INFOPLIST_FILE = YES;
				INFOPLIST_KEY_UIApplicationSceneManifest_Generation = YES;
				INFOPLIST_KEY_UIApplicationSupportsIndirectInputEvents = YES;
				INFOPLIST_KEY_UILaunchScreen_Generation = YES;
				INFOPLIST_KEY_UISupportedInterfaceOrientations_iPad = "UIInterfaceOrientationPortrait UIInterfaceOrientationPortraitUpsideDown UIInterfaceOrientationLandscapeLeft UIInterfaceOrientationLandscapeRight";
				INFOPLIST_KEY_UISupportedInterfaceOrientations_iPhone = "UIInterfaceOrientationPortrait UIInterfaceOrientationLandscapeLeft UIInterfaceOrientationLandscapeRight";
				LD_RUNPATH_SEARCH_PATHS = (
					"$(inherited)",
					"@executable_path/Frameworks",
				);
				MARKETING_VERSION = 1.0;
				PRODUCT_BUNDLE_IDENTIFIER = com.guilhermecunha.pokedexV2;
				PRODUCT_NAME = "$(TARGET_NAME)";
				SWIFT_EMIT_LOC_STRINGS = YES;
				SWIFT_VERSION = 5.0;
				TARGETED_DEVICE_FAMILY = "1,2";
			};
			name = Debug;
		};
		183B9E9F2915AD5D00F1813B /* Release */ = {
			isa = XCBuildConfiguration;
			buildSettings = {
				ASSETCATALOG_COMPILER_APPICON_NAME = AppIcon;
				ASSETCATALOG_COMPILER_GLOBAL_ACCENT_COLOR_NAME = AccentColor;
				CODE_SIGN_STYLE = Automatic;
				CURRENT_PROJECT_VERSION = 1;
				DEVELOPMENT_ASSET_PATHS = "\"pokedexV2/Preview Content\"";
				DEVELOPMENT_TEAM = T55Q6Y63L5;
				ENABLE_PREVIEWS = YES;
				GENERATE_INFOPLIST_FILE = YES;
				INFOPLIST_KEY_UIApplicationSceneManifest_Generation = YES;
				INFOPLIST_KEY_UIApplicationSupportsIndirectInputEvents = YES;
				INFOPLIST_KEY_UILaunchScreen_Generation = YES;
				INFOPLIST_KEY_UISupportedInterfaceOrientations_iPad = "UIInterfaceOrientationPortrait UIInterfaceOrientationPortraitUpsideDown UIInterfaceOrientationLandscapeLeft UIInterfaceOrientationLandscapeRight";
				INFOPLIST_KEY_UISupportedInterfaceOrientations_iPhone = "UIInterfaceOrientationPortrait UIInterfaceOrientationLandscapeLeft UIInterfaceOrientationLandscapeRight";
				LD_RUNPATH_SEARCH_PATHS = (
					"$(inherited)",
					"@executable_path/Frameworks",
				);
				MARKETING_VERSION = 1.0;
				PRODUCT_BUNDLE_IDENTIFIER = com.guilhermecunha.pokedexV2;
				PRODUCT_NAME = "$(TARGET_NAME)";
				SWIFT_EMIT_LOC_STRINGS = YES;
				SWIFT_VERSION = 5.0;
				TARGETED_DEVICE_FAMILY = "1,2";
			};
			name = Release;
		};
/* End XCBuildConfiguration section */

/* Begin XCConfigurationList section */
		183B9E8A2915AD5B00F1813B /* Build configuration list for PBXProject "pokedexV2" */ = {
			isa = XCConfigurationList;
			buildConfigurations = (
				183B9E9B2915AD5D00F1813B /* Debug */,
				183B9E9C2915AD5D00F1813B /* Release */,
			);
			defaultConfigurationIsVisible = 0;
			defaultConfigurationName = Release;
		};
		183B9E9D2915AD5D00F1813B /* Build configuration list for PBXNativeTarget "pokedexV2" */ = {
			isa = XCConfigurationList;
			buildConfigurations = (
				183B9E9E2915AD5D00F1813B /* Debug */,
				183B9E9F2915AD5D00F1813B /* Release */,
			);
			defaultConfigurationIsVisible = 0;
			defaultConfigurationName = Release;
		};
/* End XCConfigurationList section */
	};
	rootObject = 183B9E872915AD5B00F1813B /* Project object */;
}
